
Microsoft Visual Studio Solution File, Format Version 12.00
# Visual Studio Version 16
VisualStudioVersion = 16.0.32106.194
MinimumVisualStudioVersion = 10.0.40219.1
Project("{FAE04EC0-301F-11D3-BF4B-00C04F79EFBC}") = "TablutServer", "TablutServer.csproj", "{129A448B-1BBC-4F54-BA7F-59D754549205}"
EndProject
Global
	GlobalSection(SolutionConfigurationPlatforms) = preSolution
		Debug|Any CPU = Debug|Any CPU
		Release|Any CPU = Release|Any CPU
	EndGlobalSection
	GlobalSection(ProjectConfigurationPlatforms) = postSolution
		{129A448B-1BBC-4F54-BA7F-59D754549205}.Debug|Any CPU.ActiveCfg = Debug|Any CPU
		{129A448B-1BBC-4F54-BA7F-59D754549205}.Debug|Any CPU.Build.0 = Debug|Any CPU
		{129A448B-1BBC-4F54-BA7F-59D754549205}.Release|Any CPU.ActiveCfg = Release|Any CPU
		{129A448B-1BBC-4F54-BA7F-59D754549205}.Release|Any CPU.Build.0 = Release|Any CPU
	EndGlobalSection
	GlobalSection(SolutionProperties) = preSolution
		HideSolutionNode = FALSE
	EndGlobalSection
	GlobalSection(ExtensibilityGlobals) = postSolution
		SolutionGuid = {06014AA7-5334-4FFD-AB77-89334002CCA0}
	EndGlobalSection
EndGlobal
